// !$*UTF8*$!
{
	archiveVersion = 1;
	classes = {
	};
	objectVersion = 46;
	objects = {

/* Begin PBXBuildFile section */
		A228D9DD1CE8F8520091C9A8 /* AppDelegate.swift in Sources */ = {isa = PBXBuildFile; fileRef = A228D9DC1CE8F8520091C9A8 /* AppDelegate.swift */; };
		A228D9DF1CE8F8520091C9A8 /* ViewController.swift in Sources */ = {isa = PBXBuildFile; fileRef = A228D9DE1CE8F8520091C9A8 /* ViewController.swift */; };
		A228D9E21CE8F8520091C9A8 /* Main.storyboard in Resources */ = {isa = PBXBuildFile; fileRef = A228D9E01CE8F8520091C9A8 /* Main.storyboard */; };
		A228D9E41CE8F8520091C9A8 /* Assets.xcassets in Resources */ = {isa = PBXBuildFile; fileRef = A228D9E31CE8F8520091C9A8 /* Assets.xcassets */; };
		A228D9E71CE8F8520091C9A8 /* LaunchScreen.storyboard in Resources */ = {isa = PBXBuildFile; fileRef = A228D9E51CE8F8520091C9A8 /* LaunchScreen.storyboard */; };
		A228D9EF1CE8FFD60091C9A8 /* Minecraft.ttf in Resources */ = {isa = PBXBuildFile; fileRef = A228D9EE1CE8FFD60091C9A8 /* Minecraft.ttf */; };
		A2E38D0F1CEA1719002BD678 /* btn.wav in Resources */ = {isa = PBXBuildFile; fileRef = A2E38D0E1CEA1719002BD678 /* btn.wav */; };
/* End PBXBuildFile section */

/* Begin PBXFileReference section */
		A228D9D91CE8F8520091C9A8 /* retro-calculator.app */ = {isa = PBXFileReference; explicitFileType = wrapper.application; includeInIndex = 0; path = "retro-calculator.app"; sourceTree = BUILT_PRODUCTS_DIR; };
		A228D9DC1CE8F8520091C9A8 /* AppDelegate.swift */ = {isa = PBXFileReference; lastKnownFileType = sourcecode.swift; path = AppDelegate.swift; sourceTree = "<group>"; };
		A228D9DE1CE8F8520091C9A8 /* ViewController.swift */ = {isa = PBXFileReference; lastKnownFileType = sourcecode.swift; path = ViewController.swift; sourceTree = "<group>"; };
		A228D9E11CE8F8520091C9A8 /* Base */ = {isa = PBXFileReference; lastKnownFileType = file.storyboard; name = Base; path = Base.lproj/Main.storyboard; sourceTree = "<group>"; };
		A228D9E31CE8F8520091C9A8 /* Assets.xcassets */ = {isa = PBXFileReference; lastKnownFileType = folder.assetcatalog; path = Assets.xcassets; sourceTree = "<group>"; };
		A228D9E61CE8F8520091C9A8 /* Base */ = {isa = PBXFileReference; lastKnownFileType = file.storyboard; name = Base; path = Base.lproj/LaunchScreen.storyboard; sourceTree = "<group>"; };
		A228D9E81CE8F8520091C9A8 /* Info.plist */ = {isa = PBXFileReference; lastKnownFileType = text.plist.xml; path = Info.plist; sourceTree = "<group>"; };
		A228D9EE1CE8FFD60091C9A8 /* Minecraft.ttf */ = {isa = PBXFileReference; lastKnownFileType = file; path = Minecraft.ttf; sourceTree = "<group>"; };
		A2E38D0E1CEA1719002BD678 /* btn.wav */ = {isa = PBXFileReference; lastKnownFileType = audio.wav; path = btn.wav; sourceTree = "<group>"; };
/* End PBXFileReference section */

/* Begin PBXFrameworksBuildPhase section */
		A228D9D61CE8F8520091C9A8 /* Frameworks */ = {
			isa = PBXFrameworksBuildPhase;
			buildActionMask = 2147483647;
			files = (
			);
			runOnlyForDeploymentPostprocessing = 0;
		};
/* End PBXFrameworksBuildPhase section */

/* Begin PBXGroup section */
		A228D9D01CE8F8520091C9A8 = {
			isa = PBXGroup;
			children = (
				A228D9DB1CE8F8520091C9A8 /* retro-calculator */,
				A228D9DA1CE8F8520091C9A8 /* Products */,
			);
			sourceTree = "<group>";
		};
		A228D9DA1CE8F8520091C9A8 /* Products */ = {
			isa = PBXGroup;
			children = (
				A228D9D91CE8F8520091C9A8 /* retro-calculator.app */,
			);
			name = Products;
			sourceTree = "<group>";
		};
		A228D9DB1CE8F8520091C9A8 /* retro-calculator */ = {
			isa = PBXGroup;
			children = (
				A228D9EE1CE8FFD60091C9A8 /* Minecraft.ttf */,
				A2E38D0E1CEA1719002BD678 /* btn.wav */,
				A228D9DC1CE8F8520091C9A8 /* AppDelegate.swift */,
				A228D9DE1CE8F8520091C9A8 /* ViewController.swift */,
				A228D9E01CE8F8520091C9A8 /* Main.storyboard */,
				A228D9E31CE8F8520091C9A8 /* Assets.xcassets */,
				A228D9E51CE8F8520091C9A8 /* LaunchScreen.storyboard */,
				A228D9E81CE8F8520091C9A8 /* Info.plist */,
			);
			path = "retro-calculator";
			sourceTree = "<group>";
		};
/* End PBXGroup section */

/* Begin PBXNativeTarget section */
		A228D9D81CE8F8520091C9A8 /* retro-calculator */ = {
			isa = PBXNativeTarget;
			buildConfigurationList = A228D9EB1CE8F8520091C9A8 /* Build configuration list for PBXNativeTarget "retro-calculator" */;
			buildPhases = (
				A228D9D51CE8F8520091C9A8 /* Sources */,
				A228D9D61CE8F8520091C9A8 /* Frameworks */,
				A228D9D71CE8F8520091C9A8 /* Resources */,
			);
			buildRules = (
			);
			dependencies = (
			);
			name = "retro-calculator";
			productName = "retro-calculator";
			productReference = A228D9D91CE8F8520091C9A8 /* retro-calculator.app */;
			productType = "com.apple.product-type.application";
		};
/* End PBXNativeTarget section */

/* Begin PBXProject section */
		A228D9D11CE8F8520091C9A8 /* Project object */ = {
			isa = PBXProject;
			attributes = {
				LastSwiftUpdateCheck = 0710;
				LastUpgradeCheck = 0710;
				ORGANIZATIONNAME = Evolua;
				TargetAttributes = {
					A228D9D81CE8F8520091C9A8 = {
						CreatedOnToolsVersion = 7.1.1;
					};
				};
			};
			buildConfigurationList = A228D9D41CE8F8520091C9A8 /* Build configuration list for PBXProject "retro-calculator" */;
			compatibilityVersion = "Xcode 3.2";
			developmentRegion = English;
			hasScannedForEncodings = 0;
			knownRegions = (
				en,
				Base,
			);
			mainGroup = A228D9D01CE8F8520091C9A8;
			productRefGroup = A228D9DA1CE8F8520091C9A8 /* Products */;
			projectDirPath = "";
			projectRoot = "";
			targets = (
				A228D9D81CE8F8520091C9A8 /* retro-calculator */,
			);
		};
/* End PBXProject section */

/* Begin PBXResourcesBuildPhase section */
		A228D9D71CE8F8520091C9A8 /* Resources */ = {
			isa = PBXResourcesBuildPhase;
			buildActionMask = 2147483647;
			files = (
				A2E38D0F1CEA1719002BD678 /* btn.wav in Resources */,
				A228D9E71CE8F8520091C9A8 /* LaunchScreen.storyboard in Resources */,
				A228D9E41CE8F8520091C9A8 /* Assets.xcassets in Resources */,
				A228D9EF1CE8FFD60091C9A8 /* Minecraft.ttf in Resources */,
				A228D9E21CE8F8520091C9A8 /* Main.storyboard in Resources */,
			);
			runOnlyForDeploymentPostprocessing = 0;
		};
/* End PBXResourcesBuildPhase section */

/* Begin PBXSourcesBuildPhase section */
		A228D9D51CE8F8520091C9A8 /* Sources */ = {
			isa = PBXSourcesBuildPhase;
			buildActionMask = 2147483647;
			files = (
				A228D9DF1CE8F8520091C9A8 /* ViewController.swift in Sources */,
				A228D9DD1CE8F8520091C9A8 /* AppDelegate.swift in Sources */,
			);
			runOnlyForDeploymentPostprocessing = 0;
		};
/* End PBXSourcesBuildPhase section */

/* Begin PBXVariantGroup section */
		A228D9E01CE8F8520091C9A8 /* Main.storyboard */ = {
			isa = PBXVariantGroup;
			children = (
				A228D9E11CE8F8520091C9A8 /* Base */,
			);
			name = Main.storyboard;
			sourceTree = "<group>";
		};
		A228D9E51CE8F8520091C9A8 /* LaunchScreen.storyboard */ = {
			isa = PBXVariantGroup;
			children = (
				A228D9E61CE8F8520091C9A8 /* Base */,
			);
			name = LaunchScreen.storyboard;
			sourceTree = "<group>";
		};
/* End PBXVariantGroup section */

/* Begin XCBuildConfiguration section */
		A228D9E91CE8F8520091C9A8 /* Debug */ = {
			isa = XCBuildConfiguration;
			buildSettings = {
				ALWAYS_SEARCH_USER_PATHS = NO;
				CLANG_CXX_LANGUAGE_STANDARD = "gnu++0x";
				CLANG_CXX_LIBRARY = "libc++";
				CLANG_ENABLE_MODULES = YES;
				CLANG_ENABLE_OBJC_ARC = YES;
				CLANG_WARN_BOOL_CONVERSION = YES;
				CLANG_WARN_CONSTANT_CONVERSION = YES;
				CLANG_WARN_DIRECT_OBJC_ISA_USAGE = YES_ERROR;
				CLANG_WARN_EMPTY_BODY = YES;
				CLANG_WARN_ENUM_CONVERSION = YES;
				CLANG_WARN_INT_CONVERSION = YES;
				CLANG_WARN_OBJC_ROOT_CLASS = YES_ERROR;
				CLANG_WARN_UNREACHABLE_CODE = YES;
				CLANG_WARN__DUPLICATE_METHOD_MATCH = YES;
				"CODE_SIGN_IDENTITY[sdk=iphoneos*]" = "iPhone Developer";
				COPY_PHASE_STRIP = NO;
				DEBUG_INFORMATION_FORMAT = dwarf;
				ENABLE_STRICT_OBJC_MSGSEND = YES;
				ENABLE_TESTABILITY = YES;
				GCC_C_LANGUAGE_STANDARD = gnu99;
				GCC_DYNAMIC_NO_PIC = NO;
				GCC_NO_COMMON_BLOCKS = YES;
				GCC_OPTIMIZATION_LEVEL = 0;
				GCC_PREPROCESSOR_DEFINITIONS = (
					"DEBUG=1",
					"$(inherited)",
				);
				GCC_WARN_64_TO_32_BIT_CONVERSION = YES;
				GCC_WARN_ABOUT_RETURN_TYPE = YES_ERROR;
				GCC_WARN_UNDECLARED_SELECTOR = YES;
				GCC_WARN_UNINITIALIZED_AUTOS = YES_AGGRESSIVE;
				GCC_WARN_UNUSED_FUNCTION = YES;
				GCC_WARN_UNUSED_VARIABLE = YES;
				IPHONEOS_DEPLOYMENT_TARGET = 9.1;
				MTL_ENABLE_DEBUG_INFO = YES;
				ONLY_ACTIVE_ARCH = YES;
				SDKROOT = iphoneos;
				SWIFT_OPTIMIZATION_LEVEL = "-Onone";
			};
			name = Debug;
		};
		A228D9EA1CE8F8520091C9A8 /* Release */ = {
			isa = XCBuildConfiguration;
			buildSettings = {
				ALWAYS_SEARCH_USER_PATHS = NO;
				CLANG_CXX_LANGUAGE_STANDARD = "gnu++0x";
				CLANG_CXX_LIBRARY = "libc++";
				CLANG_ENABLE_MODULES = YES;
				CLANG_ENABLE_OBJC_ARC = YES;
				CLANG_WARN_BOOL_CONVERSION = YES;
				CLANG_WARN_CONSTANT_CONVERSION = YES;
				CLANG_WARN_DIRECT_OBJC_ISA_USAGE = YES_ERROR;
				CLANG_WARN_EMPTY_BODY = YES;
				CLANG_WARN_ENUM_CONVERSION = YES;
				CLANG_WARN_INT_CONVERSION = YES;
				CLANG_WARN_OBJC_ROOT_CLASS = YES_ERROR;
				CLANG_WARN_UNREACHABLE_CODE = YES;
				CLANG_WARN__DUPLICATE_METHOD_MATCH = YES;
				"CODE_SIGN_IDENTITY[sdk=iphoneos*]" = "iPhone Developer";
				COPY_PHASE_STRIP = NO;
				DEBUG_INFORMATION_FORMAT = "dwarf-with-dsym";
				ENABLE_NS_ASSERTIONS = NO;
				ENABLE_STRICT_OBJC_MSGSEND = YES;
				GCC_C_LANGUAGE_STANDARD = gnu99;
				GCC_NO_COMMON_BLOCKS = YES;
				GCC_WARN_64_TO_32_BIT_CONVERSION = YES;
				GCC_WARN_ABOUT_RETURN_TYPE = YES_ERROR;
				GCC_WARN_UNDECLARED_SELECTOR = YES;
				GCC_WARN_UNINITIALIZED_AUTOS = YES_AGGRESSIVE;
				GCC_WARN_UNUSED_FUNCTION = YES;
				GCC_WARN_UNUSED_VARIABLE = YES;
				IPHONEOS_DEPLOYMENT_TARGET = 9.1;
				MTL_ENABLE_DEBUG_INFO = NO;
				SDKROOT = iphoneos;
				VALIDATE_PRODUCT = YES;
			};
			name = Release;
		};
		A228D9EC1CE8F8520091C9A8 /* Debug */ = {
			isa = XCBuildConfiguration;
			buildSettings = {
				ASSETCATALOG_COMPILER_APPICON_NAME = AppIcon;
				INFOPLIST_FILE = "retro-calculator/Info.plist";
				LD_RUNPATH_SEARCH_PATHS = "$(inherited) @executable_path/Frameworks";
				PRODUCT_BUNDLE_IDENTIFIER = "com.evoluasolution.retro-calculator";
				PRODUCT_NAME = "$(TARGET_NAME)";
			};
			name = Debug;
		};
		A228D9ED1CE8F8520091C9A8 /* Release */ = {
			isa = XCBuildConfiguration;
			buildSettings = {
				ASSETCATALOG_COMPILER_APPICON_NAME = AppIcon;
				INFOPLIST_FILE = "retro-calculator/Info.plist";
				LD_RUNPATH_SEARCH_PATHS = "$(inherited) @executable_path/Frameworks";
				PRODUCT_BUNDLE_IDENTIFIER = "com.evoluasolution.retro-calculator";
				PRODUCT_NAME = "$(TARGET_NAME)";
			};
			name = Release;
		};
/* End XCBuildConfiguration section */

/* Begin XCConfigurationList section */
		A228D9D41CE8F8520091C9A8 /* Build configuration list for PBXProject "retro-calculator" */ = {
			isa = XCConfigurationList;
			buildConfigurations = (
				A228D9E91CE8F8520091C9A8 /* Debug */,
				A228D9EA1CE8F8520091C9A8 /* Release */,
			);
			defaultConfigurationIsVisible = 0;
			defaultConfigurationName = Release;
		};
		A228D9EB1CE8F8520091C9A8 /* Build configuration list for PBXNativeTarget "retro-calculator" */ = {
			isa = XCConfigurationList;
			buildConfigurations = (
				A228D9EC1CE8F8520091C9A8 /* Debug */,
				A228D9ED1CE8F8520091C9A8 /* Release */,
			);
			defaultConfigurationIsVisible = 0;
			defaultConfigurationName = Release;
		};
/* End XCConfigurationList section */
	};
	rootObject = A228D9D11CE8F8520091C9A8 /* Project object */;
}
